
Microsoft Visual Studio Solution File, Format Version 12.00
# Visual Studio Version 16
VisualStudioVersion = 16.0.30907.101
MinimumVisualStudioVersion = 10.0.40219.1
Project("{FAE04EC0-301F-11D3-BF4B-00C04F79EFBC}") = "Dev.App", "src\Dev.App\Dev.App.csproj", "{BD4DB06A-CF12-41CE-AC8C-DBFE5EDB4C97}"
EndProject
Project("{FAE04EC0-301F-11D3-BF4B-00C04F79EFBC}") = "Dev.Business", "src\Dev.Business\Dev.Business.csproj", "{C5DC9EDC-27B3-4CEA-9969-49EFAA2BC286}"
EndProject
Project("{FAE04EC0-301F-11D3-BF4B-00C04F79EFBC}") = "Dev.Data", "src\Dev.Data\Dev.Data.csproj", "{DEDDC6B0-24CE-4482-8BEE-8B9DE26F46AA}"
EndProject
Global
	GlobalSection(SolutionConfigurationPlatforms) = preSolution
		Debug|Any CPU = Debug|Any CPU
		Release|Any CPU = Release|Any CPU
	EndGlobalSection
	GlobalSection(ProjectConfigurationPlatforms) = postSolution
		{BD4DB06A-CF12-41CE-AC8C-DBFE5EDB4C97}.Debug|Any CPU.ActiveCfg = Debug|Any CPU
		{BD4DB06A-CF12-41CE-AC8C-DBFE5EDB4C97}.Debug|Any CPU.Build.0 = Debug|Any CPU
		{BD4DB06A-CF12-41CE-AC8C-DBFE5EDB4C97}.Release|Any CPU.ActiveCfg = Release|Any CPU
		{BD4DB06A-CF12-41CE-AC8C-DBFE5EDB4C97}.Release|Any CPU.Build.0 = Release|Any CPU
		{C5DC9EDC-27B3-4CEA-9969-49EFAA2BC286}.Debug|Any CPU.ActiveCfg = Debug|Any CPU
		{C5DC9EDC-27B3-4CEA-9969-49EFAA2BC286}.Debug|Any CPU.Build.0 = Debug|Any CPU
		{C5DC9EDC-27B3-4CEA-9969-49EFAA2BC286}.Release|Any CPU.ActiveCfg = Release|Any CPU
		{C5DC9EDC-27B3-4CEA-9969-49EFAA2BC286}.Release|Any CPU.Build.0 = Release|Any CPU
		{DEDDC6B0-24CE-4482-8BEE-8B9DE26F46AA}.Debug|Any CPU.ActiveCfg = Debug|Any CPU
		{DEDDC6B0-24CE-4482-8BEE-8B9DE26F46AA}.Debug|Any CPU.Build.0 = Debug|Any CPU
		{DEDDC6B0-24CE-4482-8BEE-8B9DE26F46AA}.Release|Any CPU.ActiveCfg = Release|Any CPU
		{DEDDC6B0-24CE-4482-8BEE-8B9DE26F46AA}.Release|Any CPU.Build.0 = Release|Any CPU
	EndGlobalSection
	GlobalSection(SolutionProperties) = preSolution
		HideSolutionNode = FALSE
	EndGlobalSection
	GlobalSection(ExtensibilityGlobals) = postSolution
		SolutionGuid = {D7637091-D8CF-459E-96D2-DAF11B0C3044}
	EndGlobalSection
EndGlobal
